
Microsoft Visual Studio Solution File, Format Version 12.00
# Visual Studio Version 17
VisualStudioVersion = 17.14.36109.1 d17.14
MinimumVisualStudioVersion = 10.0.40219.1
Project("{FAE04EC0-301F-11D3-BF4B-00C04F79EFBC}") = "GenAiLab.AppHost", "GenAiLab.AppHost\GenAiLab.AppHost.csproj", "{A55EF3B0-1BAA-5318-A166-45CD6391C935}"
EndProject
Project("{FAE04EC0-301F-11D3-BF4B-00C04F79EFBC}") = "GenAiLab.ServiceDefaults", "GenAiLab.ServiceDefaults\GenAiLab.ServiceDefaults.csproj", "{A11B52FD-BCEC-C039-A1C9-3F60BC91F4D2}"
EndProject
Project("{FAE04EC0-301F-11D3-BF4B-00C04F79EFBC}") = "GenAiLab.Web", "GenAiLab.Web\GenAiLab.Web.csproj", "{AD048CB1-320A-57A7-099D-77906BC6F6DE}"
EndProject
Global
	GlobalSection(SolutionConfigurationPlatforms) = preSolution
		Debug|Any CPU = Debug|Any CPU
		Release|Any CPU = Release|Any CPU
	EndGlobalSection
	GlobalSection(ProjectConfigurationPlatforms) = postSolution
		{A55EF3B0-1BAA-5318-A166-45CD6391C935}.Debug|Any CPU.ActiveCfg = Debug|Any CPU
		{A55EF3B0-1BAA-5318-A166-45CD6391C935}.Debug|Any CPU.Build.0 = Debug|Any CPU
		{A55EF3B0-1BAA-5318-A166-45CD6391C935}.Release|Any CPU.ActiveCfg = Release|Any CPU
		{A55EF3B0-1BAA-5318-A166-45CD6391C935}.Release|Any CPU.Build.0 = Release|Any CPU
		{A11B52FD-BCEC-C039-A1C9-3F60BC91F4D2}.Debug|Any CPU.ActiveCfg = Debug|Any CPU
		{A11B52FD-BCEC-C039-A1C9-3F60BC91F4D2}.Debug|Any CPU.Build.0 = Debug|Any CPU
		{A11B52FD-BCEC-C039-A1C9-3F60BC91F4D2}.Release|Any CPU.ActiveCfg = Release|Any CPU
		{A11B52FD-BCEC-C039-A1C9-3F60BC91F4D2}.Release|Any CPU.Build.0 = Release|Any CPU
		{AD048CB1-320A-57A7-099D-77906BC6F6DE}.Debug|Any CPU.ActiveCfg = Debug|Any CPU
		{AD048CB1-320A-57A7-099D-77906BC6F6DE}.Debug|Any CPU.Build.0 = Debug|Any CPU
		{AD048CB1-320A-57A7-099D-77906BC6F6DE}.Release|Any CPU.ActiveCfg = Release|Any CPU
		{AD048CB1-320A-57A7-099D-77906BC6F6DE}.Release|Any CPU.Build.0 = Release|Any CPU
	EndGlobalSection
	GlobalSection(SolutionProperties) = preSolution
		HideSolutionNode = FALSE
	EndGlobalSection
	GlobalSection(ExtensibilityGlobals) = postSolution
		SolutionGuid = {0275FBB9-B32B-4CC8-815A-E0EC320DF8C0}
	EndGlobalSection
EndGlobal
